
Microsoft Visual Studio Solution File, Format Version 12.00
# Visual Studio Version 16
VisualStudioVersion = 16.0.30503.244
MinimumVisualStudioVersion = 10.0.40219.1
Project("{FAE04EC0-301F-11D3-BF4B-00C04F79EFBC}") = "Smiley", "Smiley\Smiley.csproj", "{313C13E9-9822-4EFB-820B-CF7D088D380F}"
EndProject
Project("{FAE04EC0-301F-11D3-BF4B-00C04F79EFBC}") = "Smiley2", "Smiley2\Smiley2.csproj", "{488D54AE-DF7C-4F2D-9831-1760F54CB693}"
EndProject
Project("{9A19103F-16F7-4668-BE54-9A1E7A4F7556}") = "verKdagDag", "verKdagDag\verKdagDag.csproj", "{1A2B9148-29F9-450A-BA5C-3991CDE70E37}"
EndProject
Project("{FAE04EC0-301F-11D3-BF4B-00C04F79EFBC}") = "FollowMouse", "FollowMouse\FollowMouse.csproj", "{DEAA89E5-A279-49AB-9C8C-CA0C5C527F74}"
EndProject
Project("{FAE04EC0-301F-11D3-BF4B-00C04F79EFBC}") = "FollowCircle", "FollowCircle\FollowCircle.csproj", "{55673A9E-26C5-418D-93BE-545E9D685037}"
EndProject
Project("{9A19103F-16F7-4668-BE54-9A1E7A4F7556}") = "Pow", "Pow\Pow.csproj", "{BA072022-5082-4A3E-96FD-579132621C95}"
EndProject
Project("{FAE04EC0-301F-11D3-BF4B-00C04F79EFBC}") = "Zonnestralen", "Zonnestralen\Zonnestralen.csproj", "{4023FA3C-5FB0-4EA2-B43D-E8CB99B11C2F}"
EndProject
Global
	GlobalSection(SolutionConfigurationPlatforms) = preSolution
		Debug|Any CPU = Debug|Any CPU
		Release|Any CPU = Release|Any CPU
	EndGlobalSection
	GlobalSection(ProjectConfigurationPlatforms) = postSolution
		{313C13E9-9822-4EFB-820B-CF7D088D380F}.Debug|Any CPU.ActiveCfg = Debug|Any CPU
		{313C13E9-9822-4EFB-820B-CF7D088D380F}.Debug|Any CPU.Build.0 = Debug|Any CPU
		{313C13E9-9822-4EFB-820B-CF7D088D380F}.Release|Any CPU.ActiveCfg = Release|Any CPU
		{313C13E9-9822-4EFB-820B-CF7D088D380F}.Release|Any CPU.Build.0 = Release|Any CPU
		{488D54AE-DF7C-4F2D-9831-1760F54CB693}.Debug|Any CPU.ActiveCfg = Debug|Any CPU
		{488D54AE-DF7C-4F2D-9831-1760F54CB693}.Debug|Any CPU.Build.0 = Debug|Any CPU
		{488D54AE-DF7C-4F2D-9831-1760F54CB693}.Release|Any CPU.ActiveCfg = Release|Any CPU
		{488D54AE-DF7C-4F2D-9831-1760F54CB693}.Release|Any CPU.Build.0 = Release|Any CPU
		{1A2B9148-29F9-450A-BA5C-3991CDE70E37}.Debug|Any CPU.ActiveCfg = Debug|Any CPU
		{1A2B9148-29F9-450A-BA5C-3991CDE70E37}.Debug|Any CPU.Build.0 = Debug|Any CPU
		{1A2B9148-29F9-450A-BA5C-3991CDE70E37}.Release|Any CPU.ActiveCfg = Release|Any CPU
		{1A2B9148-29F9-450A-BA5C-3991CDE70E37}.Release|Any CPU.Build.0 = Release|Any CPU
		{DEAA89E5-A279-49AB-9C8C-CA0C5C527F74}.Debug|Any CPU.ActiveCfg = Debug|Any CPU
		{DEAA89E5-A279-49AB-9C8C-CA0C5C527F74}.Debug|Any CPU.Build.0 = Debug|Any CPU
		{DEAA89E5-A279-49AB-9C8C-CA0C5C527F74}.Release|Any CPU.ActiveCfg = Release|Any CPU
		{DEAA89E5-A279-49AB-9C8C-CA0C5C527F74}.Release|Any CPU.Build.0 = Release|Any CPU
		{55673A9E-26C5-418D-93BE-545E9D685037}.Debug|Any CPU.ActiveCfg = Debug|Any CPU
		{55673A9E-26C5-418D-93BE-545E9D685037}.Debug|Any CPU.Build.0 = Debug|Any CPU
		{55673A9E-26C5-418D-93BE-545E9D685037}.Release|Any CPU.ActiveCfg = Release|Any CPU
		{55673A9E-26C5-418D-93BE-545E9D685037}.Release|Any CPU.Build.0 = Release|Any CPU
		{BA072022-5082-4A3E-96FD-579132621C95}.Debug|Any CPU.ActiveCfg = Debug|Any CPU
		{BA072022-5082-4A3E-96FD-579132621C95}.Debug|Any CPU.Build.0 = Debug|Any CPU
		{BA072022-5082-4A3E-96FD-579132621C95}.Release|Any CPU.ActiveCfg = Release|Any CPU
		{BA072022-5082-4A3E-96FD-579132621C95}.Release|Any CPU.Build.0 = Release|Any CPU
		{4023FA3C-5FB0-4EA2-B43D-E8CB99B11C2F}.Debug|Any CPU.ActiveCfg = Debug|Any CPU
		{4023FA3C-5FB0-4EA2-B43D-E8CB99B11C2F}.Debug|Any CPU.Build.0 = Debug|Any CPU
		{4023FA3C-5FB0-4EA2-B43D-E8CB99B11C2F}.Release|Any CPU.ActiveCfg = Release|Any CPU
		{4023FA3C-5FB0-4EA2-B43D-E8CB99B11C2F}.Release|Any CPU.Build.0 = Release|Any CPU
	EndGlobalSection
	GlobalSection(SolutionProperties) = preSolution
		HideSolutionNode = FALSE
	EndGlobalSection
	GlobalSection(ExtensibilityGlobals) = postSolution
		SolutionGuid = {ACC2143F-6939-4F9D-B59F-A8A528CD4018}
	EndGlobalSection
EndGlobal
